
Microsoft Visual Studio Solution File, Format Version 12.00
# Visual Studio Version 16
VisualStudioVersion = 16.0.31321.278
MinimumVisualStudioVersion = 10.0.40219.1
Project("{FAE04EC0-301F-11D3-BF4B-00C04F79EFBC}") = "WebApi_and_angular", "WebApi_and_angular\WebApi_and_angular.csproj", "{37DB37B0-D382-46DE-B264-F739B6B82DFE}"
EndProject
Global
	GlobalSection(SolutionConfigurationPlatforms) = preSolution
		Debug|Any CPU = Debug|Any CPU
		Release|Any CPU = Release|Any CPU
	EndGlobalSection
	GlobalSection(ProjectConfigurationPlatforms) = postSolution
		{37DB37B0-D382-46DE-B264-F739B6B82DFE}.Debug|Any CPU.ActiveCfg = Debug|Any CPU
		{37DB37B0-D382-46DE-B264-F739B6B82DFE}.Debug|Any CPU.Build.0 = Debug|Any CPU
		{37DB37B0-D382-46DE-B264-F739B6B82DFE}.Release|Any CPU.ActiveCfg = Release|Any CPU
		{37DB37B0-D382-46DE-B264-F739B6B82DFE}.Release|Any CPU.Build.0 = Release|Any CPU
	EndGlobalSection
	GlobalSection(SolutionProperties) = preSolution
		HideSolutionNode = FALSE
	EndGlobalSection
	GlobalSection(ExtensibilityGlobals) = postSolution
		SolutionGuid = {79F4FF44-2F85-4CB9-A4D1-30C056F95CE1}
	EndGlobalSection
EndGlobal
